// !$*UTF8*$!
{
	archiveVersion = 1;
	classes = {
	};
	objectVersion = 46;
	objects = {

/* Begin PBXBuildFile section */
		B0B7479C1CE2D0B200041C48 /* main.m in Sources */ = {isa = PBXBuildFile; fileRef = B0B7479B1CE2D0B200041C48 /* main.m */; };
		B0B7479F1CE2D0B200041C48 /* AppDelegate.m in Sources */ = {isa = PBXBuildFile; fileRef = B0B7479E1CE2D0B200041C48 /* AppDelegate.m */; };
		B0B747A21CE2D0B200041C48 /* ViewController.m in Sources */ = {isa = PBXBuildFile; fileRef = B0B747A11CE2D0B200041C48 /* ViewController.m */; };
		B0B747A51CE2D0B200041C48 /* Main.storyboard in Resources */ = {isa = PBXBuildFile; fileRef = B0B747A31CE2D0B200041C48 /* Main.storyboard */; };
		B0B747A71CE2D0B200041C48 /* Assets.xcassets in Resources */ = {isa = PBXBuildFile; fileRef = B0B747A61CE2D0B200041C48 /* Assets.xcassets */; };
		B0B747AA1CE2D0B200041C48 /* LaunchScreen.storyboard in Resources */ = {isa = PBXBuildFile; fileRef = B0B747A81CE2D0B200041C48 /* LaunchScreen.storyboard */; };
		B0B747B31CE2D0D100041C48 /* WHDoArithmetic.m in Sources */ = {isa = PBXBuildFile; fileRef = B0B747B21CE2D0D100041C48 /* WHDoArithmetic.m */; };
		B0B747E91CE33D6000041C48 /* PaiLie.m in Sources */ = {isa = PBXBuildFile; fileRef = B0B747E81CE33D6000041C48 /* PaiLie.m */; };
		B0B747EC1CE354EB00041C48 /* NSString+Equal.m in Sources */ = {isa = PBXBuildFile; fileRef = B0B747EB1CE354EB00041C48 /* NSString+Equal.m */; };
/* End PBXBuildFile section */

/* Begin PBXFileReference section */
		B0B747971CE2D0B200041C48 /* WHArithmetic.app */ = {isa = PBXFileReference; explicitFileType = wrapper.application; includeInIndex = 0; path = WHArithmetic.app; sourceTree = BUILT_PRODUCTS_DIR; };
		B0B7479B1CE2D0B200041C48 /* main.m */ = {isa = PBXFileReference; lastKnownFileType = sourcecode.c.objc; path = main.m; sourceTree = "<group>"; };
		B0B7479D1CE2D0B200041C48 /* AppDelegate.h */ = {isa = PBXFileReference; lastKnownFileType = sourcecode.c.h; path = AppDelegate.h; sourceTree = "<group>"; };
		B0B7479E1CE2D0B200041C48 /* AppDelegate.m */ = {isa = PBXFileReference; lastKnownFileType = sourcecode.c.objc; path = AppDelegate.m; sourceTree = "<group>"; };
		B0B747A01CE2D0B200041C48 /* ViewController.h */ = {isa = PBXFileReference; lastKnownFileType = sourcecode.c.h; path = ViewController.h; sourceTree = "<group>"; };
		B0B747A11CE2D0B200041C48 /* ViewController.m */ = {isa = PBXFileReference; lastKnownFileType = sourcecode.c.objc; path = ViewController.m; sourceTree = "<group>"; };
		B0B747A41CE2D0B200041C48 /* Base */ = {isa = PBXFileReference; lastKnownFileType = file.storyboard; name = Base; path = Base.lproj/Main.storyboard; sourceTree = "<group>"; };
		B0B747A61CE2D0B200041C48 /* Assets.xcassets */ = {isa = PBXFileReference; lastKnownFileType = folder.assetcatalog; path = Assets.xcassets; sourceTree = "<group>"; };
		B0B747A91CE2D0B200041C48 /* Base */ = {isa = PBXFileReference; lastKnownFileType = file.storyboard; name = Base; path = Base.lproj/LaunchScreen.storyboard; sourceTree = "<group>"; };
		B0B747AB1CE2D0B200041C48 /* Info.plist */ = {isa = PBXFileReference; lastKnownFileType = text.plist.xml; path = Info.plist; sourceTree = "<group>"; };
		B0B747B11CE2D0D100041C48 /* WHDoArithmetic.h */ = {isa = PBXFileReference; fileEncoding = 4; lastKnownFileType = sourcecode.c.h; path = WHDoArithmetic.h; sourceTree = "<group>"; };
		B0B747B21CE2D0D100041C48 /* WHDoArithmetic.m */ = {isa = PBXFileReference; fileEncoding = 4; lastKnownFileType = sourcecode.c.objc; path = WHDoArithmetic.m; sourceTree = "<group>"; };
		B0B747E71CE33D6000041C48 /* PaiLie.h */ = {isa = PBXFileReference; fileEncoding = 4; lastKnownFileType = sourcecode.c.h; path = PaiLie.h; sourceTree = "<group>"; };
		B0B747E81CE33D6000041C48 /* PaiLie.m */ = {isa = PBXFileReference; fileEncoding = 4; lastKnownFileType = sourcecode.c.objc; path = PaiLie.m; sourceTree = "<group>"; };
		B0B747EA1CE354EB00041C48 /* NSString+Equal.h */ = {isa = PBXFileReference; fileEncoding = 4; lastKnownFileType = sourcecode.c.h; path = "NSString+Equal.h"; sourceTree = "<group>"; };
		B0B747EB1CE354EB00041C48 /* NSString+Equal.m */ = {isa = PBXFileReference; fileEncoding = 4; lastKnownFileType = sourcecode.c.objc; path = "NSString+Equal.m"; sourceTree = "<group>"; };
/* End PBXFileReference section */

/* Begin PBXFrameworksBuildPhase section */
		B0B747941CE2D0B200041C48 /* Frameworks */ = {
			isa = PBXFrameworksBuildPhase;
			buildActionMask = 2147483647;
			files = (
			);
			runOnlyForDeploymentPostprocessing = 0;
		};
/* End PBXFrameworksBuildPhase section */

/* Begin PBXGroup section */
		B0B7478E1CE2D0B200041C48 = {
			isa = PBXGroup;
			children = (
				B0B747991CE2D0B200041C48 /* WHArithmetic */,
				B0B747981CE2D0B200041C48 /* Products */,
			);
			sourceTree = "<group>";
		};
		B0B747981CE2D0B200041C48 /* Products */ = {
			isa = PBXGroup;
			children = (
				B0B747971CE2D0B200041C48 /* WHArithmetic.app */,
			);
			name = Products;
			sourceTree = "<group>";
		};
		B0B747991CE2D0B200041C48 /* WHArithmetic */ = {
			isa = PBXGroup;
			children = (
				B0B7479D1CE2D0B200041C48 /* AppDelegate.h */,
				B0B7479E1CE2D0B200041C48 /* AppDelegate.m */,
				B0B747A01CE2D0B200041C48 /* ViewController.h */,
				B0B747A11CE2D0B200041C48 /* ViewController.m */,
				B0B747B11CE2D0D100041C48 /* WHDoArithmetic.h */,
				B0B747B21CE2D0D100041C48 /* WHDoArithmetic.m */,
				B0B747E71CE33D6000041C48 /* PaiLie.h */,
				B0B747E81CE33D6000041C48 /* PaiLie.m */,
				B0B747EA1CE354EB00041C48 /* NSString+Equal.h */,
				B0B747EB1CE354EB00041C48 /* NSString+Equal.m */,
				B0B747A31CE2D0B200041C48 /* Main.storyboard */,
				B0B747A61CE2D0B200041C48 /* Assets.xcassets */,
				B0B747A81CE2D0B200041C48 /* LaunchScreen.storyboard */,
				B0B747AB1CE2D0B200041C48 /* Info.plist */,
				B0B7479A1CE2D0B200041C48 /* Supporting Files */,
			);
			path = WHArithmetic;
			sourceTree = "<group>";
		};
		B0B7479A1CE2D0B200041C48 /* Supporting Files */ = {
			isa = PBXGroup;
			children = (
				B0B7479B1CE2D0B200041C48 /* main.m */,
			);
			name = "Supporting Files";
			sourceTree = "<group>";
		};
/* End PBXGroup section */

/* Begin PBXNativeTarget section */
		B0B747961CE2D0B200041C48 /* WHArithmetic */ = {
			isa = PBXNativeTarget;
			buildConfigurationList = B0B747AE1CE2D0B200041C48 /* Build configuration list for PBXNativeTarget "WHArithmetic" */;
			buildPhases = (
				B0B747931CE2D0B200041C48 /* Sources */,
				B0B747941CE2D0B200041C48 /* Frameworks */,
				B0B747951CE2D0B200041C48 /* Resources */,
			);
			buildRules = (
			);
			dependencies = (
			);
			name = WHArithmetic;
			productName = WHArithmetic;
			productReference = B0B747971CE2D0B200041C48 /* WHArithmetic.app */;
			productType = "com.apple.product-type.application";
		};
/* End PBXNativeTarget section */

/* Begin PBXProject section */
		B0B7478F1CE2D0B200041C48 /* Project object */ = {
			isa = PBXProject;
			attributes = {
				LastUpgradeCheck = 0710;
				ORGANIZATIONNAME = WayneHu;
				TargetAttributes = {
					B0B747961CE2D0B200041C48 = {
						CreatedOnToolsVersion = 7.1;
						DevelopmentTeam = R6G77K9LS4;
					};
				};
			};
			buildConfigurationList = B0B747921CE2D0B200041C48 /* Build configuration list for PBXProject "WHArithmetic" */;
			compatibilityVersion = "Xcode 3.2";
			developmentRegion = English;
			hasScannedForEncodings = 0;
			knownRegions = (
				en,
				Base,
			);
			mainGroup = B0B7478E1CE2D0B200041C48;
			productRefGroup = B0B747981CE2D0B200041C48 /* Products */;
			projectDirPath = "";
			projectRoot = "";
			targets = (
				B0B747961CE2D0B200041C48 /* WHArithmetic */,
			);
		};
/* End PBXProject section */

/* Begin PBXResourcesBuildPhase section */
		B0B747951CE2D0B200041C48 /* Resources */ = {
			isa = PBXResourcesBuildPhase;
			buildActionMask = 2147483647;
			files = (
				B0B747AA1CE2D0B200041C48 /* LaunchScreen.storyboard in Resources */,
				B0B747A71CE2D0B200041C48 /* Assets.xcassets in Resources */,
				B0B747A51CE2D0B200041C48 /* Main.storyboard in Resources */,
			);
			runOnlyForDeploymentPostprocessing = 0;
		};
/* End PBXResourcesBuildPhase section */

/* Begin PBXSourcesBuildPhase section */
		B0B747931CE2D0B200041C48 /* Sources */ = {
			isa = PBXSourcesBuildPhase;
			buildActionMask = 2147483647;
			files = (
				B0B747EC1CE354EB00041C48 /* NSString+Equal.m in Sources */,
				B0B747A21CE2D0B200041C48 /* ViewController.m in Sources */,
				B0B7479F1CE2D0B200041C48 /* AppDelegate.m in Sources */,
				B0B7479C1CE2D0B200041C48 /* main.m in Sources */,
				B0B747B31CE2D0D100041C48 /* WHDoArithmetic.m in Sources */,
				B0B747E91CE33D6000041C48 /* PaiLie.m in Sources */,
			);
			runOnlyForDeploymentPostprocessing = 0;
		};
/* End PBXSourcesBuildPhase section */

/* Begin PBXVariantGroup section */
		B0B747A31CE2D0B200041C48 /* Main.storyboard */ = {
			isa = PBXVariantGroup;
			children = (
				B0B747A41CE2D0B200041C48 /* Base */,
			);
			name = Main.storyboard;
			sourceTree = "<group>";
		};
		B0B747A81CE2D0B200041C48 /* LaunchScreen.storyboard */ = {
			isa = PBXVariantGroup;
			children = (
				B0B747A91CE2D0B200041C48 /* Base */,
			);
			name = LaunchScreen.storyboard;
			sourceTree = "<group>";
		};
/* End PBXVariantGroup section */

/* Begin XCBuildConfiguration section */
		B0B747AC1CE2D0B200041C48 /* Debug */ = {
			isa = XCBuildConfiguration;
			buildSettings = {
				ALWAYS_SEARCH_USER_PATHS = NO;
				CLANG_CXX_LANGUAGE_STANDARD = "gnu++0x";
				CLANG_CXX_LIBRARY = "libc++";
				CLANG_ENABLE_MODULES = YES;
				CLANG_ENABLE_OBJC_ARC = YES;
				CLANG_WARN_BOOL_CONVERSION = YES;
				CLANG_WARN_CONSTANT_CONVERSION = YES;
				CLANG_WARN_DIRECT_OBJC_ISA_USAGE = YES_ERROR;
				CLANG_WARN_EMPTY_BODY = YES;
				CLANG_WARN_ENUM_CONVERSION = YES;
				CLANG_WARN_INT_CONVERSION = YES;
				CLANG_WARN_OBJC_ROOT_CLASS = YES_ERROR;
				CLANG_WARN_UNREACHABLE_CODE = YES;
				CLANG_WARN__DUPLICATE_METHOD_MATCH = YES;
				"CODE_SIGN_IDENTITY[sdk=iphoneos*]" = "iPhone Developer";
				COPY_PHASE_STRIP = NO;
				DEBUG_INFORMATION_FORMAT = dwarf;
				ENABLE_STRICT_OBJC_MSGSEND = YES;
				ENABLE_TESTABILITY = YES;
				GCC_C_LANGUAGE_STANDARD = gnu99;
				GCC_DYNAMIC_NO_PIC = NO;
				GCC_NO_COMMON_BLOCKS = YES;
				GCC_OPTIMIZATION_LEVEL = 0;
				GCC_PREPROCESSOR_DEFINITIONS = (
					"DEBUG=1",
					"$(inherited)",
				);
				GCC_WARN_64_TO_32_BIT_CONVERSION = YES;
				GCC_WARN_ABOUT_RETURN_TYPE = YES_ERROR;
				GCC_WARN_UNDECLARED_SELECTOR = YES;
				GCC_WARN_UNINITIALIZED_AUTOS = YES_AGGRESSIVE;
				GCC_WARN_UNUSED_FUNCTION = YES;
				GCC_WARN_UNUSED_VARIABLE = YES;
				IPHONEOS_DEPLOYMENT_TARGET = 9.1;
				MTL_ENABLE_DEBUG_INFO = YES;
				ONLY_ACTIVE_ARCH = YES;
				SDKROOT = iphoneos;
			};
			name = Debug;
		};
		B0B747AD1CE2D0B200041C48 /* Release */ = {
			isa = XCBuildConfiguration;
			buildSettings = {
				ALWAYS_SEARCH_USER_PATHS = NO;
				CLANG_CXX_LANGUAGE_STANDARD = "gnu++0x";
				CLANG_CXX_LIBRARY = "libc++";
				CLANG_ENABLE_MODULES = YES;
				CLANG_ENABLE_OBJC_ARC = YES;
				CLANG_WARN_BOOL_CONVERSION = YES;
				CLANG_WARN_CONSTANT_CONVERSION = YES;
				CLANG_WARN_DIRECT_OBJC_ISA_USAGE = YES_ERROR;
				CLANG_WARN_EMPTY_BODY = YES;
				CLANG_WARN_ENUM_CONVERSION = YES;
				CLANG_WARN_INT_CONVERSION = YES;
				CLANG_WARN_OBJC_ROOT_CLASS = YES_ERROR;
				CLANG_WARN_UNREACHABLE_CODE = YES;
				CLANG_WARN__DUPLICATE_METHOD_MATCH = YES;
				"CODE_SIGN_IDENTITY[sdk=iphoneos*]" = "iPhone Developer";
				COPY_PHASE_STRIP = NO;
				DEBUG_INFORMATION_FORMAT = "dwarf-with-dsym";
				ENABLE_NS_ASSERTIONS = NO;
				ENABLE_STRICT_OBJC_MSGSEND = YES;
				GCC_C_LANGUAGE_STANDARD = gnu99;
				GCC_NO_COMMON_BLOCKS = YES;
				GCC_WARN_64_TO_32_BIT_CONVERSION = YES;
				GCC_WARN_ABOUT_RETURN_TYPE = YES_ERROR;
				GCC_WARN_UNDECLARED_SELECTOR = YES;
				GCC_WARN_UNINITIALIZED_AUTOS = YES_AGGRESSIVE;
				GCC_WARN_UNUSED_FUNCTION = YES;
				GCC_WARN_UNUSED_VARIABLE = YES;
				IPHONEOS_DEPLOYMENT_TARGET = 9.1;
				MTL_ENABLE_DEBUG_INFO = NO;
				SDKROOT = iphoneos;
				VALIDATE_PRODUCT = YES;
			};
			name = Release;
		};
		B0B747AF1CE2D0B200041C48 /* Debug */ = {
			isa = XCBuildConfiguration;
			buildSettings = {
				ASSETCATALOG_COMPILER_APPICON_NAME = AppIcon;
				INFOPLIST_FILE = WHArithmetic/Info.plist;
				LD_RUNPATH_SEARCH_PATHS = "$(inherited) @executable_path/Frameworks";
				PRODUCT_BUNDLE_IDENTIFIER = com.wayneRun.WHArithmetic;
				PRODUCT_NAME = "$(TARGET_NAME)";
			};
			name = Debug;
		};
		B0B747B01CE2D0B200041C48 /* Release */ = {
			isa = XCBuildConfiguration;
			buildSettings = {
				ASSETCATALOG_COMPILER_APPICON_NAME = AppIcon;
				INFOPLIST_FILE = WHArithmetic/Info.plist;
				LD_RUNPATH_SEARCH_PATHS = "$(inherited) @executable_path/Frameworks";
				PRODUCT_BUNDLE_IDENTIFIER = com.wayneRun.WHArithmetic;
				PRODUCT_NAME = "$(TARGET_NAME)";
			};
			name = Release;
		};
/* End XCBuildConfiguration section */

/* Begin XCConfigurationList section */
		B0B747921CE2D0B200041C48 /* Build configuration list for PBXProject "WHArithmetic" */ = {
			isa = XCConfigurationList;
			buildConfigurations = (
				B0B747AC1CE2D0B200041C48 /* Debug */,
				B0B747AD1CE2D0B200041C48 /* Release */,
			);
			defaultConfigurationIsVisible = 0;
			defaultConfigurationName = Release;
		};
		B0B747AE1CE2D0B200041C48 /* Build configuration list for PBXNativeTarget "WHArithmetic" */ = {
			isa = XCConfigurationList;
			buildConfigurations = (
				B0B747AF1CE2D0B200041C48 /* Debug */,
				B0B747B01CE2D0B200041C48 /* Release */,
			);
			defaultConfigurationIsVisible = 0;
		};
/* End XCConfigurationList section */
	};
	rootObject = B0B7478F1CE2D0B200041C48 /* Project object */;
}
